
Microsoft Visual Studio Solution File, Format Version 12.00
# Visual Studio Version 17
VisualStudioVersion = 17.14.36408.4 d17.14
MinimumVisualStudioVersion = 10.0.40219.1
Project("{FAE04EC0-301F-11D3-BF4B-00C04F79EFBC}") = "Company.Khloud.PL", "Company.Khloud.PL\Company.Khloud.PL.csproj", "{AC5236D5-6A16-408B-8F42-A5833FB5E565}"
EndProject
Project("{FAE04EC0-301F-11D3-BF4B-00C04F79EFBC}") = "Company.Khloud.DAL", "Company.Khloud.DAL\Company.Khloud.DAL.csproj", "{FD076172-BBDD-4990-90E8-FC3019C6B8ED}"
EndProject
Project("{FAE04EC0-301F-11D3-BF4B-00C04F79EFBC}") = "Company.Khloud.BLL", "Company.Khloud.BLL\Company.Khloud.BLL.csproj", "{65F49AB2-B61E-4B14-B468-B31FB69066A8}"
EndProject
Global
	GlobalSection(SolutionConfigurationPlatforms) = preSolution
		Debug|Any CPU = Debug|Any CPU
		Release|Any CPU = Release|Any CPU
	EndGlobalSection
	GlobalSection(ProjectConfigurationPlatforms) = postSolution
		{AC5236D5-6A16-408B-8F42-A5833FB5E565}.Debug|Any CPU.ActiveCfg = Debug|Any CPU
		{AC5236D5-6A16-408B-8F42-A5833FB5E565}.Debug|Any CPU.Build.0 = Debug|Any CPU
		{AC5236D5-6A16-408B-8F42-A5833FB5E565}.Release|Any CPU.ActiveCfg = Release|Any CPU
		{AC5236D5-6A16-408B-8F42-A5833FB5E565}.Release|Any CPU.Build.0 = Release|Any CPU
		{FD076172-BBDD-4990-90E8-FC3019C6B8ED}.Debug|Any CPU.ActiveCfg = Debug|Any CPU
		{FD076172-BBDD-4990-90E8-FC3019C6B8ED}.Debug|Any CPU.Build.0 = Debug|Any CPU
		{FD076172-BBDD-4990-90E8-FC3019C6B8ED}.Release|Any CPU.ActiveCfg = Release|Any CPU
		{FD076172-BBDD-4990-90E8-FC3019C6B8ED}.Release|Any CPU.Build.0 = Release|Any CPU
		{65F49AB2-B61E-4B14-B468-B31FB69066A8}.Debug|Any CPU.ActiveCfg = Debug|Any CPU
		{65F49AB2-B61E-4B14-B468-B31FB69066A8}.Debug|Any CPU.Build.0 = Debug|Any CPU
		{65F49AB2-B61E-4B14-B468-B31FB69066A8}.Release|Any CPU.ActiveCfg = Release|Any CPU
		{65F49AB2-B61E-4B14-B468-B31FB69066A8}.Release|Any CPU.Build.0 = Release|Any CPU
	EndGlobalSection
	GlobalSection(SolutionProperties) = preSolution
		HideSolutionNode = FALSE
	EndGlobalSection
	GlobalSection(ExtensibilityGlobals) = postSolution
		SolutionGuid = {AD7213EB-9818-4D3C-8466-C347A65462E7}
	EndGlobalSection
EndGlobal
